
Microsoft Visual Studio Solution File, Format Version 12.00
# Visual Studio 14
VisualStudioVersion = 14.0.25123.0
MinimumVisualStudioVersion = 10.0.40219.1
Project("{FAE04EC0-301F-11D3-BF4B-00C04F79EFBC}") = "ICA7_IntersectSpheres", "ICA7_IntersectSpheres\ICA7_IntersectSpheres.csproj", "{B0E61869-3D63-44DE-8557-6E7C39F404A6}"
EndProject
Global
	GlobalSection(SubversionScc) = preSolution
		Svn-Managed = True
		Manager = AnkhSVN - Subversion Support for Visual Studio
	EndGlobalSection
	GlobalSection(SolutionConfigurationPlatforms) = preSolution
		Debug|Any CPU = Debug|Any CPU
		Release|Any CPU = Release|Any CPU
	EndGlobalSection
	GlobalSection(ProjectConfigurationPlatforms) = postSolution
		{B0E61869-3D63-44DE-8557-6E7C39F404A6}.Debug|Any CPU.ActiveCfg = Debug|Any CPU
		{B0E61869-3D63-44DE-8557-6E7C39F404A6}.Debug|Any CPU.Build.0 = Debug|Any CPU
		{B0E61869-3D63-44DE-8557-6E7C39F404A6}.Release|Any CPU.ActiveCfg = Release|Any CPU
		{B0E61869-3D63-44DE-8557-6E7C39F404A6}.Release|Any CPU.Build.0 = Release|Any CPU
	EndGlobalSection
	GlobalSection(SolutionProperties) = preSolution
		HideSolutionNode = FALSE
	EndGlobalSection
EndGlobal
